
Microsoft Visual Studio Solution File, Format Version 12.00
# Visual Studio Version 17
VisualStudioVersion = 17.4.33103.184
MinimumVisualStudioVersion = 10.0.40219.1
Project("{9A19103F-16F7-4668-BE54-9A1E7A4F7556}") = "PLAIF_VisionPlatform", "PLAIF_VisionPlatform\PLAIF_VisionPlatform.csproj", "{DF1DECBC-5512-4F13-A018-6C1C15724C66}"
EndProject
Project("{9A19103F-16F7-4668-BE54-9A1E7A4F7556}") = "Rosbridge", "Rosbridge\Rosbridge.csproj", "{95EAF610-92D2-4061-A03B-53169EAE1519}"
EndProject
Project("{54435603-DBB4-11D2-8724-00A0C9A8B90C}") = "Setup_PLAIF_VisionPlatform", "Setup_PLAIF_VisionPlatform\Setup_PLAIF_VisionPlatform.vdproj", "{7B6F9D6C-B167-4FFD-AE07-1536C1D9056A}"
EndProject
Global
	GlobalSection(SolutionConfigurationPlatforms) = preSolution
		Debug|Any CPU = Debug|Any CPU
		Release|Any CPU = Release|Any CPU
	EndGlobalSection
	GlobalSection(ProjectConfigurationPlatforms) = postSolution
		{DF1DECBC-5512-4F13-A018-6C1C15724C66}.Debug|Any CPU.ActiveCfg = Debug|Any CPU
		{DF1DECBC-5512-4F13-A018-6C1C15724C66}.Debug|Any CPU.Build.0 = Debug|Any CPU
		{DF1DECBC-5512-4F13-A018-6C1C15724C66}.Release|Any CPU.ActiveCfg = Release|Any CPU
		{DF1DECBC-5512-4F13-A018-6C1C15724C66}.Release|Any CPU.Build.0 = Release|Any CPU
		{95EAF610-92D2-4061-A03B-53169EAE1519}.Debug|Any CPU.ActiveCfg = Debug|Any CPU
		{95EAF610-92D2-4061-A03B-53169EAE1519}.Debug|Any CPU.Build.0 = Debug|Any CPU
		{95EAF610-92D2-4061-A03B-53169EAE1519}.Release|Any CPU.ActiveCfg = Release|Any CPU
		{95EAF610-92D2-4061-A03B-53169EAE1519}.Release|Any CPU.Build.0 = Release|Any CPU
		{7B6F9D6C-B167-4FFD-AE07-1536C1D9056A}.Debug|Any CPU.ActiveCfg = Debug
		{7B6F9D6C-B167-4FFD-AE07-1536C1D9056A}.Release|Any CPU.ActiveCfg = Release
	EndGlobalSection
	GlobalSection(SolutionProperties) = preSolution
		HideSolutionNode = FALSE
	EndGlobalSection
	GlobalSection(ExtensibilityGlobals) = postSolution
		SolutionGuid = {1ECFFC5B-898E-4AB4-9921-C259C915969D}
	EndGlobalSection
EndGlobal
