
Microsoft Visual Studio Solution File, Format Version 12.00
# Visual Studio Version 17
VisualStudioVersion = 17.4.33103.184
MinimumVisualStudioVersion = 10.0.40219.1
Project("{FAE04EC0-301F-11D3-BF4B-00C04F79EFBC}") = "PLAIF_VisionPlatform", "PLAIF_VisionPlatform\PLAIF_VisionPlatform.csproj", "{DF1DECBC-5512-4F13-A018-6C1C15724C66}"
EndProject
Global
	GlobalSection(SolutionConfigurationPlatforms) = preSolution
		Debug|Any CPU = Debug|Any CPU
		Release|Any CPU = Release|Any CPU
	EndGlobalSection
	GlobalSection(ProjectConfigurationPlatforms) = postSolution
		{DF1DECBC-5512-4F13-A018-6C1C15724C66}.Debug|Any CPU.ActiveCfg = Debug|Any CPU
		{DF1DECBC-5512-4F13-A018-6C1C15724C66}.Debug|Any CPU.Build.0 = Debug|Any CPU
		{DF1DECBC-5512-4F13-A018-6C1C15724C66}.Release|Any CPU.ActiveCfg = Release|Any CPU
		{DF1DECBC-5512-4F13-A018-6C1C15724C66}.Release|Any CPU.Build.0 = Release|Any CPU
	EndGlobalSection
	GlobalSection(SolutionProperties) = preSolution
		HideSolutionNode = FALSE
	EndGlobalSection
	GlobalSection(ExtensibilityGlobals) = postSolution
		SolutionGuid = {1ECFFC5B-898E-4AB4-9921-C259C915969D}
	EndGlobalSection
EndGlobal
